
Microsoft Visual Studio Solution File, Format Version 12.00
# Visual Studio Version 16
VisualStudioVersion = 16.0.30204.135
MinimumVisualStudioVersion = 10.0.40219.1
Project("{9A19103F-16F7-4668-BE54-9A1E7A4F7556}") = "UUM.ApiWeb", "src\UUM.WebAPI\UUM.ApiWeb.csproj", "{6D6BBEC4-C419-4C62-BB44-0C7F77707E4D}"
EndProject
Project("{FAE04EC0-301F-11D3-BF4B-00C04F79EFBC}") = "UUM.Core", "src\UUM.Core\UUM.Core.csproj", "{36D02F73-F80F-4126-8381-C20FD5B25974}"
EndProject
Project("{FAE04EC0-301F-11D3-BF4B-00C04F79EFBC}") = "UUM.Core.Unit.Tests", "tests\UUM.Core.Unit.Tests\UUM.Core.Unit.Tests.csproj", "{BAFDE6D6-EBF9-4639-9F3B-22B8F15E1D41}"
EndProject
Global
	GlobalSection(SolutionConfigurationPlatforms) = preSolution
		Debug|Any CPU = Debug|Any CPU
		Release|Any CPU = Release|Any CPU
	EndGlobalSection
	GlobalSection(ProjectConfigurationPlatforms) = postSolution
		{6D6BBEC4-C419-4C62-BB44-0C7F77707E4D}.Debug|Any CPU.ActiveCfg = Debug|Any CPU
		{6D6BBEC4-C419-4C62-BB44-0C7F77707E4D}.Debug|Any CPU.Build.0 = Debug|Any CPU
		{6D6BBEC4-C419-4C62-BB44-0C7F77707E4D}.Release|Any CPU.ActiveCfg = Release|Any CPU
		{6D6BBEC4-C419-4C62-BB44-0C7F77707E4D}.Release|Any CPU.Build.0 = Release|Any CPU
		{36D02F73-F80F-4126-8381-C20FD5B25974}.Debug|Any CPU.ActiveCfg = Debug|Any CPU
		{36D02F73-F80F-4126-8381-C20FD5B25974}.Debug|Any CPU.Build.0 = Debug|Any CPU
		{36D02F73-F80F-4126-8381-C20FD5B25974}.Release|Any CPU.ActiveCfg = Release|Any CPU
		{36D02F73-F80F-4126-8381-C20FD5B25974}.Release|Any CPU.Build.0 = Release|Any CPU
		{BAFDE6D6-EBF9-4639-9F3B-22B8F15E1D41}.Debug|Any CPU.ActiveCfg = Debug|Any CPU
		{BAFDE6D6-EBF9-4639-9F3B-22B8F15E1D41}.Debug|Any CPU.Build.0 = Debug|Any CPU
		{BAFDE6D6-EBF9-4639-9F3B-22B8F15E1D41}.Release|Any CPU.ActiveCfg = Release|Any CPU
		{BAFDE6D6-EBF9-4639-9F3B-22B8F15E1D41}.Release|Any CPU.Build.0 = Release|Any CPU
	EndGlobalSection
	GlobalSection(SolutionProperties) = preSolution
		HideSolutionNode = FALSE
	EndGlobalSection
	GlobalSection(ExtensibilityGlobals) = postSolution
		SolutionGuid = {EFF836CE-965E-41E5-A444-62977AE74412}
	EndGlobalSection
EndGlobal
