
Microsoft Visual Studio Solution File, Format Version 12.00
# Visual Studio Version 16
VisualStudioVersion = 16.0.30320.27
MinimumVisualStudioVersion = 10.0.40219.1
Project("{9A19103F-16F7-4668-BE54-9A1E7A4F7556}") = "UUM.WEB", "Uum.Web\UUM.WEB.csproj", "{64851130-6831-4C86-90C7-79318C5C9128}"
EndProject
Project("{2150E333-8FDC-42A3-9474-1A3956D46DE8}") = "src", "src", "{407BC90A-348A-47F9-AAB9-CCF57B320945}"
EndProject
Project("{2150E333-8FDC-42A3-9474-1A3956D46DE8}") = "Tests", "Tests", "{096A4F6A-39FE-4B9C-9718-53D54A056702}"
EndProject
Project("{9A19103F-16F7-4668-BE54-9A1E7A4F7556}") = "UUM.API", "UUM.API\UUM.API.csproj", "{0118E66C-8F79-4858-B245-68C5D7F2336E}"
EndProject
Project("{FAE04EC0-301F-11D3-BF4B-00C04F79EFBC}") = "UUM.Infrastructure", "UUM.Infrastructure\UUM.Infrastructure.csproj", "{E8145BB4-150A-4530-965F-DF5CFE84E0DC}"
EndProject
Project("{FAE04EC0-301F-11D3-BF4B-00C04F79EFBC}") = "UUM.CORE", "UUM.CORE\UUM.CORE.csproj", "{98CA1F1B-9B24-44C6-8038-DBE9CB2B4B17}"
EndProject
Project("{FAE04EC0-301F-11D3-BF4B-00C04F79EFBC}") = "UUM.Model", "UUM.Model\UUM.Model.csproj", "{770D686B-512F-4DF2-BEF5-8110869997FC}"
EndProject
Global
	GlobalSection(SolutionConfigurationPlatforms) = preSolution
		Debug|Any CPU = Debug|Any CPU
		Release|Any CPU = Release|Any CPU
	EndGlobalSection
	GlobalSection(ProjectConfigurationPlatforms) = postSolution
		{64851130-6831-4C86-90C7-79318C5C9128}.Debug|Any CPU.ActiveCfg = Debug|Any CPU
		{64851130-6831-4C86-90C7-79318C5C9128}.Debug|Any CPU.Build.0 = Debug|Any CPU
		{64851130-6831-4C86-90C7-79318C5C9128}.Release|Any CPU.ActiveCfg = Release|Any CPU
		{64851130-6831-4C86-90C7-79318C5C9128}.Release|Any CPU.Build.0 = Release|Any CPU
		{0118E66C-8F79-4858-B245-68C5D7F2336E}.Debug|Any CPU.ActiveCfg = Debug|Any CPU
		{0118E66C-8F79-4858-B245-68C5D7F2336E}.Debug|Any CPU.Build.0 = Debug|Any CPU
		{0118E66C-8F79-4858-B245-68C5D7F2336E}.Release|Any CPU.ActiveCfg = Release|Any CPU
		{0118E66C-8F79-4858-B245-68C5D7F2336E}.Release|Any CPU.Build.0 = Release|Any CPU
		{E8145BB4-150A-4530-965F-DF5CFE84E0DC}.Debug|Any CPU.ActiveCfg = Debug|Any CPU
		{E8145BB4-150A-4530-965F-DF5CFE84E0DC}.Debug|Any CPU.Build.0 = Debug|Any CPU
		{E8145BB4-150A-4530-965F-DF5CFE84E0DC}.Release|Any CPU.ActiveCfg = Release|Any CPU
		{E8145BB4-150A-4530-965F-DF5CFE84E0DC}.Release|Any CPU.Build.0 = Release|Any CPU
		{98CA1F1B-9B24-44C6-8038-DBE9CB2B4B17}.Debug|Any CPU.ActiveCfg = Debug|Any CPU
		{98CA1F1B-9B24-44C6-8038-DBE9CB2B4B17}.Debug|Any CPU.Build.0 = Debug|Any CPU
		{98CA1F1B-9B24-44C6-8038-DBE9CB2B4B17}.Release|Any CPU.ActiveCfg = Release|Any CPU
		{98CA1F1B-9B24-44C6-8038-DBE9CB2B4B17}.Release|Any CPU.Build.0 = Release|Any CPU
		{770D686B-512F-4DF2-BEF5-8110869997FC}.Debug|Any CPU.ActiveCfg = Debug|Any CPU
		{770D686B-512F-4DF2-BEF5-8110869997FC}.Debug|Any CPU.Build.0 = Debug|Any CPU
		{770D686B-512F-4DF2-BEF5-8110869997FC}.Release|Any CPU.ActiveCfg = Release|Any CPU
		{770D686B-512F-4DF2-BEF5-8110869997FC}.Release|Any CPU.Build.0 = Release|Any CPU
	EndGlobalSection
	GlobalSection(SolutionProperties) = preSolution
		HideSolutionNode = FALSE
	EndGlobalSection
	GlobalSection(NestedProjects) = preSolution
		{64851130-6831-4C86-90C7-79318C5C9128} = {407BC90A-348A-47F9-AAB9-CCF57B320945}
		{0118E66C-8F79-4858-B245-68C5D7F2336E} = {407BC90A-348A-47F9-AAB9-CCF57B320945}
		{E8145BB4-150A-4530-965F-DF5CFE84E0DC} = {407BC90A-348A-47F9-AAB9-CCF57B320945}
		{98CA1F1B-9B24-44C6-8038-DBE9CB2B4B17} = {407BC90A-348A-47F9-AAB9-CCF57B320945}
		{770D686B-512F-4DF2-BEF5-8110869997FC} = {407BC90A-348A-47F9-AAB9-CCF57B320945}
	EndGlobalSection
	GlobalSection(ExtensibilityGlobals) = postSolution
		SolutionGuid = {C5F1B4B1-E80B-4289-9979-19139D43C099}
	EndGlobalSection
EndGlobal
