
Microsoft Visual Studio Solution File, Format Version 12.00
# Visual Studio Version 16
VisualStudioVersion = 16.0.30320.27
MinimumVisualStudioVersion = 10.0.40219.1
Project("{9A19103F-16F7-4668-BE54-9A1E7A4F7556}") = "Uum.Web", "Uum.Web\Uum.Web.csproj", "{64851130-6831-4C86-90C7-79318C5C9128}"
EndProject
Project("{2150E333-8FDC-42A3-9474-1A3956D46DE8}") = "src", "src", "{407BC90A-348A-47F9-AAB9-CCF57B320945}"
EndProject
Project("{2150E333-8FDC-42A3-9474-1A3956D46DE8}") = "Tests", "Tests", "{096A4F6A-39FE-4B9C-9718-53D54A056702}"
EndProject
Project("{9A19103F-16F7-4668-BE54-9A1E7A4F7556}") = "Uum.Core", "Uum.Core\Uum.Core.csproj", "{662971DE-C64F-474C-881F-45EDC46796EE}"
EndProject
Global
	GlobalSection(SolutionConfigurationPlatforms) = preSolution
		Debug|Any CPU = Debug|Any CPU
		Release|Any CPU = Release|Any CPU
	EndGlobalSection
	GlobalSection(ProjectConfigurationPlatforms) = postSolution
		{64851130-6831-4C86-90C7-79318C5C9128}.Debug|Any CPU.ActiveCfg = Debug|Any CPU
		{64851130-6831-4C86-90C7-79318C5C9128}.Debug|Any CPU.Build.0 = Debug|Any CPU
		{64851130-6831-4C86-90C7-79318C5C9128}.Release|Any CPU.ActiveCfg = Release|Any CPU
		{64851130-6831-4C86-90C7-79318C5C9128}.Release|Any CPU.Build.0 = Release|Any CPU
		{662971DE-C64F-474C-881F-45EDC46796EE}.Debug|Any CPU.ActiveCfg = Debug|Any CPU
		{662971DE-C64F-474C-881F-45EDC46796EE}.Debug|Any CPU.Build.0 = Debug|Any CPU
		{662971DE-C64F-474C-881F-45EDC46796EE}.Release|Any CPU.ActiveCfg = Release|Any CPU
		{662971DE-C64F-474C-881F-45EDC46796EE}.Release|Any CPU.Build.0 = Release|Any CPU
	EndGlobalSection
	GlobalSection(SolutionProperties) = preSolution
		HideSolutionNode = FALSE
	EndGlobalSection
	GlobalSection(NestedProjects) = preSolution
		{64851130-6831-4C86-90C7-79318C5C9128} = {407BC90A-348A-47F9-AAB9-CCF57B320945}
		{662971DE-C64F-474C-881F-45EDC46796EE} = {407BC90A-348A-47F9-AAB9-CCF57B320945}
	EndGlobalSection
	GlobalSection(ExtensibilityGlobals) = postSolution
		SolutionGuid = {C5F1B4B1-E80B-4289-9979-19139D43C099}
	EndGlobalSection
EndGlobal
